
Microsoft Visual Studio Solution File, Format Version 12.00
# Visual Studio Version 17
VisualStudioVersion = 17.0.31919.166
MinimumVisualStudioVersion = 10.0.40219.1
Project("{9A19103F-16F7-4668-BE54-9A1E7A4F7556}") = "PETAS", "PETAS\PETAS.csproj", "{CDEFE7A9-8456-403E-875E-A705DC76B62E}"
EndProject
Project("{9A19103F-16F7-4668-BE54-9A1E7A4F7556}") = "PANTrainerAPI", "PANTrainerAPI\PANTrainerAPI.csproj", "{EBF77201-1A1E-43C6-A539-D58424A0F657}"
EndProject
Project("{9A19103F-16F7-4668-BE54-9A1E7A4F7556}") = "PETAS.Data", "PETAS.Data\PETAS.Data.csproj", "{34DC84C1-BB34-4BF3-AA8D-A8802C359A8D}"
EndProject
Project("{9A19103F-16F7-4668-BE54-9A1E7A4F7556}") = "PETAS.Models", "PETAS.Models\PETAS.Models.csproj", "{0DC6E064-89EC-46E2-983B-BE8A1BBCC450}"
EndProject
Project("{9A19103F-16F7-4668-BE54-9A1E7A4F7556}") = "HRMS.API", "HRMS.API\HRMS.API.csproj", "{5BE570FE-938F-4EE7-8FD0-5949151C1FF2}"
EndProject
Global
	GlobalSection(SolutionConfigurationPlatforms) = preSolution
		Debug|Any CPU = Debug|Any CPU
		Debug|ARM = Debug|ARM
		Debug|ARM64 = Debug|ARM64
		Debug|x64 = Debug|x64
		Debug|x86 = Debug|x86
		Release|Any CPU = Release|Any CPU
		Release|ARM = Release|ARM
		Release|ARM64 = Release|ARM64
		Release|x64 = Release|x64
		Release|x86 = Release|x86
	EndGlobalSection
	GlobalSection(ProjectConfigurationPlatforms) = postSolution
		{CDEFE7A9-8456-403E-875E-A705DC76B62E}.Debug|Any CPU.ActiveCfg = Debug|Any CPU
		{CDEFE7A9-8456-403E-875E-A705DC76B62E}.Debug|Any CPU.Build.0 = Debug|Any CPU
		{CDEFE7A9-8456-403E-875E-A705DC76B62E}.Debug|ARM.ActiveCfg = Debug|Any CPU
		{CDEFE7A9-8456-403E-875E-A705DC76B62E}.Debug|ARM.Build.0 = Debug|Any CPU
		{CDEFE7A9-8456-403E-875E-A705DC76B62E}.Debug|ARM64.ActiveCfg = Debug|Any CPU
		{CDEFE7A9-8456-403E-875E-A705DC76B62E}.Debug|ARM64.Build.0 = Debug|Any CPU
		{CDEFE7A9-8456-403E-875E-A705DC76B62E}.Debug|x64.ActiveCfg = Debug|Any CPU
		{CDEFE7A9-8456-403E-875E-A705DC76B62E}.Debug|x64.Build.0 = Debug|Any CPU
		{CDEFE7A9-8456-403E-875E-A705DC76B62E}.Debug|x86.ActiveCfg = Debug|Any CPU
		{CDEFE7A9-8456-403E-875E-A705DC76B62E}.Debug|x86.Build.0 = Debug|Any CPU
		{CDEFE7A9-8456-403E-875E-A705DC76B62E}.Release|Any CPU.ActiveCfg = Release|Any CPU
		{CDEFE7A9-8456-403E-875E-A705DC76B62E}.Release|Any CPU.Build.0 = Release|Any CPU
		{CDEFE7A9-8456-403E-875E-A705DC76B62E}.Release|ARM.ActiveCfg = Release|Any CPU
		{CDEFE7A9-8456-403E-875E-A705DC76B62E}.Release|ARM.Build.0 = Release|Any CPU
		{CDEFE7A9-8456-403E-875E-A705DC76B62E}.Release|ARM64.ActiveCfg = Release|Any CPU
		{CDEFE7A9-8456-403E-875E-A705DC76B62E}.Release|ARM64.Build.0 = Release|Any CPU
		{CDEFE7A9-8456-403E-875E-A705DC76B62E}.Release|x64.ActiveCfg = Release|Any CPU
		{CDEFE7A9-8456-403E-875E-A705DC76B62E}.Release|x64.Build.0 = Release|Any CPU
		{CDEFE7A9-8456-403E-875E-A705DC76B62E}.Release|x86.ActiveCfg = Release|Any CPU
		{CDEFE7A9-8456-403E-875E-A705DC76B62E}.Release|x86.Build.0 = Release|Any CPU
		{EBF77201-1A1E-43C6-A539-D58424A0F657}.Debug|Any CPU.ActiveCfg = Debug|Any CPU
		{EBF77201-1A1E-43C6-A539-D58424A0F657}.Debug|Any CPU.Build.0 = Debug|Any CPU
		{EBF77201-1A1E-43C6-A539-D58424A0F657}.Debug|ARM.ActiveCfg = Debug|Any CPU
		{EBF77201-1A1E-43C6-A539-D58424A0F657}.Debug|ARM.Build.0 = Debug|Any CPU
		{EBF77201-1A1E-43C6-A539-D58424A0F657}.Debug|ARM64.ActiveCfg = Debug|Any CPU
		{EBF77201-1A1E-43C6-A539-D58424A0F657}.Debug|ARM64.Build.0 = Debug|Any CPU
		{EBF77201-1A1E-43C6-A539-D58424A0F657}.Debug|x64.ActiveCfg = Debug|Any CPU
		{EBF77201-1A1E-43C6-A539-D58424A0F657}.Debug|x64.Build.0 = Debug|Any CPU
		{EBF77201-1A1E-43C6-A539-D58424A0F657}.Debug|x86.ActiveCfg = Debug|Any CPU
		{EBF77201-1A1E-43C6-A539-D58424A0F657}.Debug|x86.Build.0 = Debug|Any CPU
		{EBF77201-1A1E-43C6-A539-D58424A0F657}.Release|Any CPU.ActiveCfg = Release|Any CPU
		{EBF77201-1A1E-43C6-A539-D58424A0F657}.Release|Any CPU.Build.0 = Release|Any CPU
		{EBF77201-1A1E-43C6-A539-D58424A0F657}.Release|ARM.ActiveCfg = Release|Any CPU
		{EBF77201-1A1E-43C6-A539-D58424A0F657}.Release|ARM.Build.0 = Release|Any CPU
		{EBF77201-1A1E-43C6-A539-D58424A0F657}.Release|ARM64.ActiveCfg = Release|Any CPU
		{EBF77201-1A1E-43C6-A539-D58424A0F657}.Release|ARM64.Build.0 = Release|Any CPU
		{EBF77201-1A1E-43C6-A539-D58424A0F657}.Release|x64.ActiveCfg = Release|Any CPU
		{EBF77201-1A1E-43C6-A539-D58424A0F657}.Release|x64.Build.0 = Release|Any CPU
		{EBF77201-1A1E-43C6-A539-D58424A0F657}.Release|x86.ActiveCfg = Release|Any CPU
		{EBF77201-1A1E-43C6-A539-D58424A0F657}.Release|x86.Build.0 = Release|Any CPU
		{34DC84C1-BB34-4BF3-AA8D-A8802C359A8D}.Debug|Any CPU.ActiveCfg = Debug|Any CPU
		{34DC84C1-BB34-4BF3-AA8D-A8802C359A8D}.Debug|Any CPU.Build.0 = Debug|Any CPU
		{34DC84C1-BB34-4BF3-AA8D-A8802C359A8D}.Debug|ARM.ActiveCfg = Debug|Any CPU
		{34DC84C1-BB34-4BF3-AA8D-A8802C359A8D}.Debug|ARM.Build.0 = Debug|Any CPU
		{34DC84C1-BB34-4BF3-AA8D-A8802C359A8D}.Debug|ARM64.ActiveCfg = Debug|Any CPU
		{34DC84C1-BB34-4BF3-AA8D-A8802C359A8D}.Debug|ARM64.Build.0 = Debug|Any CPU
		{34DC84C1-BB34-4BF3-AA8D-A8802C359A8D}.Debug|x64.ActiveCfg = Debug|Any CPU
		{34DC84C1-BB34-4BF3-AA8D-A8802C359A8D}.Debug|x64.Build.0 = Debug|Any CPU
		{34DC84C1-BB34-4BF3-AA8D-A8802C359A8D}.Debug|x86.ActiveCfg = Debug|Any CPU
		{34DC84C1-BB34-4BF3-AA8D-A8802C359A8D}.Debug|x86.Build.0 = Debug|Any CPU
		{34DC84C1-BB34-4BF3-AA8D-A8802C359A8D}.Release|Any CPU.ActiveCfg = Release|Any CPU
		{34DC84C1-BB34-4BF3-AA8D-A8802C359A8D}.Release|Any CPU.Build.0 = Release|Any CPU
		{34DC84C1-BB34-4BF3-AA8D-A8802C359A8D}.Release|ARM.ActiveCfg = Release|Any CPU
		{34DC84C1-BB34-4BF3-AA8D-A8802C359A8D}.Release|ARM.Build.0 = Release|Any CPU
		{34DC84C1-BB34-4BF3-AA8D-A8802C359A8D}.Release|ARM64.ActiveCfg = Release|Any CPU
		{34DC84C1-BB34-4BF3-AA8D-A8802C359A8D}.Release|ARM64.Build.0 = Release|Any CPU
		{34DC84C1-BB34-4BF3-AA8D-A8802C359A8D}.Release|x64.ActiveCfg = Release|Any CPU
		{34DC84C1-BB34-4BF3-AA8D-A8802C359A8D}.Release|x64.Build.0 = Release|Any CPU
		{34DC84C1-BB34-4BF3-AA8D-A8802C359A8D}.Release|x86.ActiveCfg = Release|Any CPU
		{34DC84C1-BB34-4BF3-AA8D-A8802C359A8D}.Release|x86.Build.0 = Release|Any CPU
		{0DC6E064-89EC-46E2-983B-BE8A1BBCC450}.Debug|Any CPU.ActiveCfg = Debug|Any CPU
		{0DC6E064-89EC-46E2-983B-BE8A1BBCC450}.Debug|Any CPU.Build.0 = Debug|Any CPU
		{0DC6E064-89EC-46E2-983B-BE8A1BBCC450}.Debug|ARM.ActiveCfg = Debug|Any CPU
		{0DC6E064-89EC-46E2-983B-BE8A1BBCC450}.Debug|ARM.Build.0 = Debug|Any CPU
		{0DC6E064-89EC-46E2-983B-BE8A1BBCC450}.Debug|ARM64.ActiveCfg = Debug|Any CPU
		{0DC6E064-89EC-46E2-983B-BE8A1BBCC450}.Debug|ARM64.Build.0 = Debug|Any CPU
		{0DC6E064-89EC-46E2-983B-BE8A1BBCC450}.Debug|x64.ActiveCfg = Debug|Any CPU
		{0DC6E064-89EC-46E2-983B-BE8A1BBCC450}.Debug|x64.Build.0 = Debug|Any CPU
		{0DC6E064-89EC-46E2-983B-BE8A1BBCC450}.Debug|x86.ActiveCfg = Debug|Any CPU
		{0DC6E064-89EC-46E2-983B-BE8A1BBCC450}.Debug|x86.Build.0 = Debug|Any CPU
		{0DC6E064-89EC-46E2-983B-BE8A1BBCC450}.Release|Any CPU.ActiveCfg = Release|Any CPU
		{0DC6E064-89EC-46E2-983B-BE8A1BBCC450}.Release|Any CPU.Build.0 = Release|Any CPU
		{0DC6E064-89EC-46E2-983B-BE8A1BBCC450}.Release|ARM.ActiveCfg = Release|Any CPU
		{0DC6E064-89EC-46E2-983B-BE8A1BBCC450}.Release|ARM.Build.0 = Release|Any CPU
		{0DC6E064-89EC-46E2-983B-BE8A1BBCC450}.Release|ARM64.ActiveCfg = Release|Any CPU
		{0DC6E064-89EC-46E2-983B-BE8A1BBCC450}.Release|ARM64.Build.0 = Release|Any CPU
		{0DC6E064-89EC-46E2-983B-BE8A1BBCC450}.Release|x64.ActiveCfg = Release|Any CPU
		{0DC6E064-89EC-46E2-983B-BE8A1BBCC450}.Release|x64.Build.0 = Release|Any CPU
		{0DC6E064-89EC-46E2-983B-BE8A1BBCC450}.Release|x86.ActiveCfg = Release|Any CPU
		{0DC6E064-89EC-46E2-983B-BE8A1BBCC450}.Release|x86.Build.0 = Release|Any CPU
		{5BE570FE-938F-4EE7-8FD0-5949151C1FF2}.Debug|Any CPU.ActiveCfg = Debug|Any CPU
		{5BE570FE-938F-4EE7-8FD0-5949151C1FF2}.Debug|Any CPU.Build.0 = Debug|Any CPU
		{5BE570FE-938F-4EE7-8FD0-5949151C1FF2}.Debug|ARM.ActiveCfg = Debug|Any CPU
		{5BE570FE-938F-4EE7-8FD0-5949151C1FF2}.Debug|ARM.Build.0 = Debug|Any CPU
		{5BE570FE-938F-4EE7-8FD0-5949151C1FF2}.Debug|ARM64.ActiveCfg = Debug|Any CPU
		{5BE570FE-938F-4EE7-8FD0-5949151C1FF2}.Debug|ARM64.Build.0 = Debug|Any CPU
		{5BE570FE-938F-4EE7-8FD0-5949151C1FF2}.Debug|x64.ActiveCfg = Debug|Any CPU
		{5BE570FE-938F-4EE7-8FD0-5949151C1FF2}.Debug|x64.Build.0 = Debug|Any CPU
		{5BE570FE-938F-4EE7-8FD0-5949151C1FF2}.Debug|x86.ActiveCfg = Debug|Any CPU
		{5BE570FE-938F-4EE7-8FD0-5949151C1FF2}.Debug|x86.Build.0 = Debug|Any CPU
		{5BE570FE-938F-4EE7-8FD0-5949151C1FF2}.Release|Any CPU.ActiveCfg = Release|Any CPU
		{5BE570FE-938F-4EE7-8FD0-5949151C1FF2}.Release|Any CPU.Build.0 = Release|Any CPU
		{5BE570FE-938F-4EE7-8FD0-5949151C1FF2}.Release|ARM.ActiveCfg = Release|Any CPU
		{5BE570FE-938F-4EE7-8FD0-5949151C1FF2}.Release|ARM.Build.0 = Release|Any CPU
		{5BE570FE-938F-4EE7-8FD0-5949151C1FF2}.Release|ARM64.ActiveCfg = Release|Any CPU
		{5BE570FE-938F-4EE7-8FD0-5949151C1FF2}.Release|ARM64.Build.0 = Release|Any CPU
		{5BE570FE-938F-4EE7-8FD0-5949151C1FF2}.Release|x64.ActiveCfg = Release|Any CPU
		{5BE570FE-938F-4EE7-8FD0-5949151C1FF2}.Release|x64.Build.0 = Release|Any CPU
		{5BE570FE-938F-4EE7-8FD0-5949151C1FF2}.Release|x86.ActiveCfg = Release|Any CPU
		{5BE570FE-938F-4EE7-8FD0-5949151C1FF2}.Release|x86.Build.0 = Release|Any CPU
	EndGlobalSection
	GlobalSection(SolutionProperties) = preSolution
		HideSolutionNode = FALSE
	EndGlobalSection
	GlobalSection(ExtensibilityGlobals) = postSolution
		SolutionGuid = {74C1FB03-063A-4487-9431-165BC394DD4C}
	EndGlobalSection
EndGlobal
